{
  "name": "basics-table-2",
  "version": "0.0.0",
  "lockfileVersion": 1,
  "requires": true,
  "dependencies": {
    "hyperhtml": {
      "version": "2.11.1",
      "resolved": "https://registry.npmjs.org/hyperhtml/-/hyperhtml-2.11.1.tgz",
      "integrity": "sha512-s7vmisEcXzx4Z1uu+hU2ehYrZXr6huY9haRm/JQ+ATAHJqlq6UiZRXXGgH+pdH+BQlWEzrmG3Akw7vX0bc5PCA==",
      "requires": {
        "lightercollective": "^0.0.3"
      }
    },
    "lightercollective": {
      "version": "0.0.3",
      "resolved": "https://registry.npmjs.org/lightercollective/-/lightercollective-0.0.3.tgz",
      "integrity": "sha512-AUIsWs96N5tESFu/XpvYJvoaGg0Qf0i5wcjMgop4OVsRNdzII+clf52/FSGeaMiZym6l34JhO6zNFunFUHV3YA=="
    }
  }
}
